
Microsoft Visual Studio Solution File, Format Version 12.00
# Visual Studio Version 17
VisualStudioVersion = 17.6.33723.286
MinimumVisualStudioVersion = 10.0.40219.1
Project("{9A19103F-16F7-4668-BE54-9A1E7A4F7556}") = "Totk_Save_Editor", "Totk_Save_Editor\Totk_Save_Editor.csproj", "{D1CF53E0-CCED-4FD7-80C3-56470BD6AE4D}"
EndProject
Global
	GlobalSection(SolutionConfigurationPlatforms) = preSolution
		Debug|Any CPU = Debug|Any CPU
		Release|Any CPU = Release|Any CPU
	EndGlobalSection
	GlobalSection(ProjectConfigurationPlatforms) = postSolution
		{D1CF53E0-CCED-4FD7-80C3-56470BD6AE4D}.Debug|Any CPU.ActiveCfg = Debug|Any CPU
		{D1CF53E0-CCED-4FD7-80C3-56470BD6AE4D}.Debug|Any CPU.Build.0 = Debug|Any CPU
		{D1CF53E0-CCED-4FD7-80C3-56470BD6AE4D}.Release|Any CPU.ActiveCfg = Release|Any CPU
		{D1CF53E0-CCED-4FD7-80C3-56470BD6AE4D}.Release|Any CPU.Build.0 = Release|Any CPU
	EndGlobalSection
	GlobalSection(SolutionProperties) = preSolution
		HideSolutionNode = FALSE
	EndGlobalSection
	GlobalSection(ExtensibilityGlobals) = postSolution
		SolutionGuid = {4A645239-90E4-4595-9D2B-172A522C26E0}
	EndGlobalSection
EndGlobal
